<?xml version="1.0" encoding="UTF-8"?>
<Project ToolsVersion="14.0" xmlns="http://schemas.microsoft.com/developer/msbuild/2003">
  <ItemGroup>
    <ClCompile Include="C:\Users\mathu\Downloads\zetaglest-source-develop\mk\windows\dependencies\src\curl\lib\mprintf.c">
      <Filter>Source Files</Filter>
    </ClCompile>
    <ClCompile Include="C:\Users\mathu\Downloads\zetaglest-source-develop\mk\windows\dependencies\src\curl\lib\nonblock.c">
      <Filter>Source Files</Filter>
    </ClCompile>
    <ClCompile Include="C:\Users\mathu\Downloads\zetaglest-source-develop\mk\windows\dependencies\src\curl\lib\strtoofft.c">
      <Filter>Source Files</Filter>
    </ClCompile>
    <ClCompile Include="C:\Users\mathu\Downloads\zetaglest-source-develop\mk\windows\dependencies\src\curl\lib\warnless.c">
      <Filter>Source Files</Filter>
    </ClCompile>
    <ClCompile Include="C:\Users\mathu\Downloads\zetaglest-source-develop\mk\windows\dependencies\src\curl\lib\curl_ctype.c">
      <Filter>Source Files</Filter>
    </ClCompile>
    <ClCompile Include="C:\Users\mathu\Downloads\zetaglest-source-develop\mk\windows\dependencies\src\curl\tests\server\getpart.c">
      <Filter>Source Files</Filter>
    </ClCompile>
    <ClCompile Include="C:\Users\mathu\Downloads\zetaglest-source-develop\mk\windows\dependencies\src\curl\lib\base64.c">
      <Filter>Source Files</Filter>
    </ClCompile>
    <ClCompile Include="C:\Users\mathu\Downloads\zetaglest-source-develop\mk\windows\dependencies\src\curl\lib\memdebug.c">
      <Filter>Source Files</Filter>
    </ClCompile>
    <ClCompile Include="C:\Users\mathu\Downloads\zetaglest-source-develop\mk\windows\dependencies\src\curl\tests\server\util.c">
      <Filter>Source Files</Filter>
    </ClCompile>
    <ClCompile Include="C:\Users\mathu\Downloads\zetaglest-source-develop\mk\windows\dependencies\src\curl\tests\server\fake_ntlm.c">
      <Filter>Source Files</Filter>
    </ClCompile>
  </ItemGroup>
  <ItemGroup>
    <ClInclude Include="C:\Users\mathu\Downloads\zetaglest-source-develop\mk\windows\dependencies\src\curl\lib\curlx.h">
      <Filter>Header Files</Filter>
    </ClInclude>
    <ClInclude Include="C:\Users\mathu\Downloads\zetaglest-source-develop\mk\windows\dependencies\src\curl\lib\nonblock.h">
      <Filter>Header Files</Filter>
    </ClInclude>
    <ClInclude Include="C:\Users\mathu\Downloads\zetaglest-source-develop\mk\windows\dependencies\src\curl\lib\strtoofft.h">
      <Filter>Header Files</Filter>
    </ClInclude>
    <ClInclude Include="C:\Users\mathu\Downloads\zetaglest-source-develop\mk\windows\dependencies\src\curl\lib\warnless.h">
      <Filter>Header Files</Filter>
    </ClInclude>
    <ClInclude Include="C:\Users\mathu\Downloads\zetaglest-source-develop\mk\windows\dependencies\src\curl\lib\curl_ctype.h">
      <Filter>Header Files</Filter>
    </ClInclude>
    <ClInclude Include="C:\Users\mathu\Downloads\zetaglest-source-develop\mk\windows\dependencies\src\curl\tests\server\getpart.h">
      <Filter>Header Files</Filter>
    </ClInclude>
    <ClInclude Include="C:\Users\mathu\Downloads\zetaglest-source-develop\mk\windows\dependencies\src\curl\tests\server\server_setup.h">
      <Filter>Header Files</Filter>
    </ClInclude>
    <ClInclude Include="C:\Users\mathu\Downloads\zetaglest-source-develop\mk\windows\dependencies\src\curl\lib\curl_base64.h">
      <Filter>Header Files</Filter>
    </ClInclude>
    <ClInclude Include="C:\Users\mathu\Downloads\zetaglest-source-develop\mk\windows\dependencies\src\curl\lib\memdebug.h">
      <Filter>Header Files</Filter>
    </ClInclude>
    <ClInclude Include="C:\Users\mathu\Downloads\zetaglest-source-develop\mk\windows\dependencies\src\curl\tests\server\util.h">
      <Filter>Header Files</Filter>
    </ClInclude>
  </ItemGroup>
  <ItemGroup>
    <CustomBuild Include="C:\Users\mathu\Downloads\zetaglest-source-develop\mk\windows\dependencies\src\curl\tests\server\CMakeLists.txt" />
  </ItemGroup>
  <ItemGroup>
    <Filter Include="Source Files">
      <UniqueIdentifier>{5F33FFC4-12FD-3347-9520-220597763EB8}</UniqueIdentifier>
    </Filter>
    <Filter Include="Header Files">
      <UniqueIdentifier>{D9242CF8-FEE2-3CAB-B4E5-43A628C7F1CA}</UniqueIdentifier>
    </Filter>
  </ItemGroup>
</Project>
